
Microsoft Visual Studio Solution File, Format Version 12.00
# Visual Studio Version 17
VisualStudioVersion = 17.5.33530.505
MinimumVisualStudioVersion = 10.0.40219.1
Project("{2150E333-8FDC-42A3-9474-1A3956D46DE8}") = "Services", "Services", "{A791F734-67FC-4EBB-86C0-CFC3123FEB59}"
EndProject
Project("{2150E333-8FDC-42A3-9474-1A3956D46DE8}") = "Catalog", "Catalog", "{0FFDA602-3EA0-4526-B3C4-F3F5C0F0292E}"
EndProject
Project("{9A19103F-16F7-4668-BE54-9A1E7A4F7556}") = "AkademiPlusMikroService.Catalog", "Services\Catalog\AkademiPlusMikroService.Catalog\AkademiPlusMikroService.Catalog.csproj", "{36776DAB-6220-4AAC-BF34-045EC55DD24F}"
EndProject
Project("{2150E333-8FDC-42A3-9474-1A3956D46DE8}") = "Shared", "Shared", "{EEA21AC3-43B7-4703-B31B-51638FEEE6BC}"
EndProject
Project("{9A19103F-16F7-4668-BE54-9A1E7A4F7556}") = "AkademiPlusMikroService.Shared", "Shared\AkademiPlusMikroService.Shared\AkademiPlusMikroService.Shared.csproj", "{3F409358-FE27-4754-8D21-3B51C4B40E6C}"
EndProject
Project("{2150E333-8FDC-42A3-9474-1A3956D46DE8}") = "IdentityServer", "IdentityServer", "{AEF384BA-1130-4DF7-94BD-DAED96881E5A}"
EndProject
Project("{9A19103F-16F7-4668-BE54-9A1E7A4F7556}") = "AkademiPlus.IdentityServer", "IdentityServer\AkademiPlus.IdentityServer\AkademiPlus.IdentityServer.csproj", "{B005AB26-E533-472F-A84C-0479CB4F8AD2}"
EndProject
Project("{2150E333-8FDC-42A3-9474-1A3956D46DE8}") = "Discount", "Discount", "{43D4B4A3-3CF0-4F78-96CA-13E4A829DD0E}"
EndProject
Project("{9A19103F-16F7-4668-BE54-9A1E7A4F7556}") = "AkademiPlusMikroService.Discount", "Services\Discount\AkademiPlusMikroService.Discount\AkademiPlusMikroService.Discount.csproj", "{29A3689D-6D5B-4BE3-B853-C3E69D84599A}"
EndProject
Project("{2150E333-8FDC-42A3-9474-1A3956D46DE8}") = "Basket", "Basket", "{FB33618A-9D30-4088-A3CC-3C1638DA2597}"
EndProject
Project("{FAE04EC0-301F-11D3-BF4B-00C04F79EFBC}") = "AkademiPlusMikroService.Basket", "Services\Basket\AkademiPlusMikroService.Basket\AkademiPlusMikroService.Basket.csproj", "{40A0C1B3-7015-4730-8006-9CEC07E2EB77}"
EndProject
Global
	GlobalSection(SolutionConfigurationPlatforms) = preSolution
		Debug|Any CPU = Debug|Any CPU
		Release|Any CPU = Release|Any CPU
	EndGlobalSection
	GlobalSection(ProjectConfigurationPlatforms) = postSolution
		{36776DAB-6220-4AAC-BF34-045EC55DD24F}.Debug|Any CPU.ActiveCfg = Debug|Any CPU
		{36776DAB-6220-4AAC-BF34-045EC55DD24F}.Debug|Any CPU.Build.0 = Debug|Any CPU
		{36776DAB-6220-4AAC-BF34-045EC55DD24F}.Release|Any CPU.ActiveCfg = Release|Any CPU
		{36776DAB-6220-4AAC-BF34-045EC55DD24F}.Release|Any CPU.Build.0 = Release|Any CPU
		{3F409358-FE27-4754-8D21-3B51C4B40E6C}.Debug|Any CPU.ActiveCfg = Debug|Any CPU
		{3F409358-FE27-4754-8D21-3B51C4B40E6C}.Debug|Any CPU.Build.0 = Debug|Any CPU
		{3F409358-FE27-4754-8D21-3B51C4B40E6C}.Release|Any CPU.ActiveCfg = Release|Any CPU
		{3F409358-FE27-4754-8D21-3B51C4B40E6C}.Release|Any CPU.Build.0 = Release|Any CPU
		{B005AB26-E533-472F-A84C-0479CB4F8AD2}.Debug|Any CPU.ActiveCfg = Debug|Any CPU
		{B005AB26-E533-472F-A84C-0479CB4F8AD2}.Debug|Any CPU.Build.0 = Debug|Any CPU
		{B005AB26-E533-472F-A84C-0479CB4F8AD2}.Release|Any CPU.ActiveCfg = Release|Any CPU
		{B005AB26-E533-472F-A84C-0479CB4F8AD2}.Release|Any CPU.Build.0 = Release|Any CPU
		{29A3689D-6D5B-4BE3-B853-C3E69D84599A}.Debug|Any CPU.ActiveCfg = Debug|Any CPU
		{29A3689D-6D5B-4BE3-B853-C3E69D84599A}.Debug|Any CPU.Build.0 = Debug|Any CPU
		{29A3689D-6D5B-4BE3-B853-C3E69D84599A}.Release|Any CPU.ActiveCfg = Release|Any CPU
		{29A3689D-6D5B-4BE3-B853-C3E69D84599A}.Release|Any CPU.Build.0 = Release|Any CPU
		{40A0C1B3-7015-4730-8006-9CEC07E2EB77}.Debug|Any CPU.ActiveCfg = Debug|Any CPU
		{40A0C1B3-7015-4730-8006-9CEC07E2EB77}.Debug|Any CPU.Build.0 = Debug|Any CPU
		{40A0C1B3-7015-4730-8006-9CEC07E2EB77}.Release|Any CPU.ActiveCfg = Release|Any CPU
		{40A0C1B3-7015-4730-8006-9CEC07E2EB77}.Release|Any CPU.Build.0 = Release|Any CPU
	EndGlobalSection
	GlobalSection(SolutionProperties) = preSolution
		HideSolutionNode = FALSE
	EndGlobalSection
	GlobalSection(NestedProjects) = preSolution
		{0FFDA602-3EA0-4526-B3C4-F3F5C0F0292E} = {A791F734-67FC-4EBB-86C0-CFC3123FEB59}
		{36776DAB-6220-4AAC-BF34-045EC55DD24F} = {0FFDA602-3EA0-4526-B3C4-F3F5C0F0292E}
		{3F409358-FE27-4754-8D21-3B51C4B40E6C} = {EEA21AC3-43B7-4703-B31B-51638FEEE6BC}
		{B005AB26-E533-472F-A84C-0479CB4F8AD2} = {AEF384BA-1130-4DF7-94BD-DAED96881E5A}
		{43D4B4A3-3CF0-4F78-96CA-13E4A829DD0E} = {A791F734-67FC-4EBB-86C0-CFC3123FEB59}
		{29A3689D-6D5B-4BE3-B853-C3E69D84599A} = {43D4B4A3-3CF0-4F78-96CA-13E4A829DD0E}
		{FB33618A-9D30-4088-A3CC-3C1638DA2597} = {A791F734-67FC-4EBB-86C0-CFC3123FEB59}
		{40A0C1B3-7015-4730-8006-9CEC07E2EB77} = {FB33618A-9D30-4088-A3CC-3C1638DA2597}
	EndGlobalSection
	GlobalSection(ExtensibilityGlobals) = postSolution
		SolutionGuid = {DBBDEB5C-1531-46DD-A0B6-7BB875EC4EAF}
	EndGlobalSection
EndGlobal
